
Microsoft Visual Studio Solution File, Format Version 12.00
# Visual Studio 2012
Project("{FAE04EC0-301F-11D3-BF4B-00C04F79EFBC}") = "MovieList.iOS", "MovieList\MovieList.iOS.csproj", "{2762F82E-49A2-496D-A8D2-43FB67C93ACB}"
EndProject
Project("{FAE04EC0-301F-11D3-BF4B-00C04F79EFBC}") = "MovieListPCL", "MovieListPCL\MovieListPCL.csproj", "{72208833-1230-4716-987D-098327D55AF3}"
EndProject
Global
	GlobalSection(SolutionConfigurationPlatforms) = preSolution
		Debug|iPhoneSimulator = Debug|iPhoneSimulator
		Release|iPhone = Release|iPhone
		Release|iPhoneSimulator = Release|iPhoneSimulator
		Debug|iPhone = Debug|iPhone
	EndGlobalSection
	GlobalSection(ProjectConfigurationPlatforms) = postSolution
		{2762F82E-49A2-496D-A8D2-43FB67C93ACB}.Debug|iPhoneSimulator.ActiveCfg = Debug|iPhoneSimulator
		{2762F82E-49A2-496D-A8D2-43FB67C93ACB}.Debug|iPhoneSimulator.Build.0 = Debug|iPhoneSimulator
		{2762F82E-49A2-496D-A8D2-43FB67C93ACB}.Release|iPhone.ActiveCfg = Release|iPhone
		{2762F82E-49A2-496D-A8D2-43FB67C93ACB}.Release|iPhone.Build.0 = Release|iPhone
		{2762F82E-49A2-496D-A8D2-43FB67C93ACB}.Release|iPhoneSimulator.ActiveCfg = Release|iPhoneSimulator
		{2762F82E-49A2-496D-A8D2-43FB67C93ACB}.Release|iPhoneSimulator.Build.0 = Release|iPhoneSimulator
		{2762F82E-49A2-496D-A8D2-43FB67C93ACB}.Debug|iPhone.ActiveCfg = Debug|iPhone
		{2762F82E-49A2-496D-A8D2-43FB67C93ACB}.Debug|iPhone.Build.0 = Debug|iPhone
		{72208833-1230-4716-987D-098327D55AF3}.Debug|iPhoneSimulator.ActiveCfg = Debug|Any CPU
		{72208833-1230-4716-987D-098327D55AF3}.Debug|iPhoneSimulator.Build.0 = Debug|Any CPU
		{72208833-1230-4716-987D-098327D55AF3}.Release|iPhone.ActiveCfg = Release|Any CPU
		{72208833-1230-4716-987D-098327D55AF3}.Release|iPhone.Build.0 = Release|Any CPU
		{72208833-1230-4716-987D-098327D55AF3}.Release|iPhoneSimulator.ActiveCfg = Release|Any CPU
		{72208833-1230-4716-987D-098327D55AF3}.Release|iPhoneSimulator.Build.0 = Release|Any CPU
		{72208833-1230-4716-987D-098327D55AF3}.Debug|iPhone.ActiveCfg = Debug|Any CPU
		{72208833-1230-4716-987D-098327D55AF3}.Debug|iPhone.Build.0 = Debug|Any CPU
	EndGlobalSection
EndGlobal
